
Microsoft Visual Studio Solution File, Format Version 12.00
# Visual Studio Version 17
VisualStudioVersion = 17.9.34616.47
MinimumVisualStudioVersion = 10.0.40219.1
Project("{FAE04EC0-301F-11D3-BF4B-00C04F79EFBC}") = "DATOS", "DATOS\DATOS.csproj", "{37B6822A-31CF-4C07-A04B-8D965CC5F375}"
EndProject
Project("{FAE04EC0-301F-11D3-BF4B-00C04F79EFBC}") = "APLICACION", "APLICACION\APLICACION.csproj", "{DEAED68A-5A25-4A0E-8941-BD462D29C296}"
EndProject
Project("{FAE04EC0-301F-11D3-BF4B-00C04F79EFBC}") = "ENTIDADES", "ENTIDADES\ENTIDADES.csproj", "{DD10CE7C-EC66-46B9-A491-8C85D1F47AF0}"
EndProject
Global
	GlobalSection(SolutionConfigurationPlatforms) = preSolution
		Debug|Any CPU = Debug|Any CPU
		Release|Any CPU = Release|Any CPU
	EndGlobalSection
	GlobalSection(ProjectConfigurationPlatforms) = postSolution
		{37B6822A-31CF-4C07-A04B-8D965CC5F375}.Debug|Any CPU.ActiveCfg = Debug|Any CPU
		{37B6822A-31CF-4C07-A04B-8D965CC5F375}.Debug|Any CPU.Build.0 = Debug|Any CPU
		{37B6822A-31CF-4C07-A04B-8D965CC5F375}.Release|Any CPU.ActiveCfg = Release|Any CPU
		{37B6822A-31CF-4C07-A04B-8D965CC5F375}.Release|Any CPU.Build.0 = Release|Any CPU
		{DEAED68A-5A25-4A0E-8941-BD462D29C296}.Debug|Any CPU.ActiveCfg = Debug|Any CPU
		{DEAED68A-5A25-4A0E-8941-BD462D29C296}.Debug|Any CPU.Build.0 = Debug|Any CPU
		{DEAED68A-5A25-4A0E-8941-BD462D29C296}.Release|Any CPU.ActiveCfg = Release|Any CPU
		{DEAED68A-5A25-4A0E-8941-BD462D29C296}.Release|Any CPU.Build.0 = Release|Any CPU
		{DD10CE7C-EC66-46B9-A491-8C85D1F47AF0}.Debug|Any CPU.ActiveCfg = Debug|Any CPU
		{DD10CE7C-EC66-46B9-A491-8C85D1F47AF0}.Debug|Any CPU.Build.0 = Debug|Any CPU
		{DD10CE7C-EC66-46B9-A491-8C85D1F47AF0}.Release|Any CPU.ActiveCfg = Release|Any CPU
		{DD10CE7C-EC66-46B9-A491-8C85D1F47AF0}.Release|Any CPU.Build.0 = Release|Any CPU
	EndGlobalSection
	GlobalSection(SolutionProperties) = preSolution
		HideSolutionNode = FALSE
	EndGlobalSection
	GlobalSection(ExtensibilityGlobals) = postSolution
		SolutionGuid = {CB20104A-FB06-48F8-A14E-FDF4908A3FB6}
	EndGlobalSection
EndGlobal
